#MicroXplorer Configuration settings - do not modify
ADC.ContinuousConvMode=ENABLE
ADC.DMAContinuousRequests=ENABLE
ADC.EOCSelection=ADC_EOC_SINGLE_CONV
ADC.IPParameters=ContinuousConvMode,DMAContinuousRequests,EOCSelection,SamplingTime,Overrun
ADC.Overrun=ADC_OVR_DATA_OVERWRITTEN
ADC.SamplingTime=ADC_SAMPLETIME_239CYCLES_5
Dma.ADC.0.Direction=DMA_PERIPH_TO_MEMORY
Dma.ADC.0.Instance=DMA1_Channel1
Dma.ADC.0.MemDataAlignment=DMA_MDATAALIGN_HALFWORD
Dma.ADC.0.MemInc=DMA_MINC_ENABLE
Dma.ADC.0.Mode=DMA_CIRCULAR
Dma.ADC.0.PeriphDataAlignment=DMA_PDATAALIGN_HALFWORD
Dma.ADC.0.PeriphInc=DMA_PINC_DISABLE
Dma.ADC.0.Priority=DMA_PRIORITY_MEDIUM
Dma.ADC.0.RequestParameters=Instance,Direction,PeriphInc,MemInc,PeriphDataAlignment,MemDataAlignment,Mode,Priority
Dma.Request0=ADC
Dma.Request1=TIM17_CH1/UP
Dma.Request2=TIM3_CH1/TRIG
Dma.RequestsNb=3
Dma.TIM17_CH1/UP.1.Direction=DMA_MEMORY_TO_PERIPH
Dma.TIM17_CH1/UP.1.Instance=DMA1_Channel2
Dma.TIM17_CH1/UP.1.MemDataAlignment=DMA_MDATAALIGN_HALFWORD
Dma.TIM17_CH1/UP.1.MemInc=DMA_MINC_ENABLE
Dma.TIM17_CH1/UP.1.Mode=DMA_NORMAL
Dma.TIM17_CH1/UP.1.PeriphDataAlignment=DMA_PDATAALIGN_HALFWORD
Dma.TIM17_CH1/UP.1.PeriphInc=DMA_PINC_DISABLE
Dma.TIM17_CH1/UP.1.Priority=DMA_PRIORITY_MEDIUM
Dma.TIM17_CH1/UP.1.RequestParameters=Instance,Direction,PeriphInc,MemInc,PeriphDataAlignment,MemDataAlignment,Mode,Priority
Dma.TIM3_CH1/TRIG.2.Direction=DMA_MEMORY_TO_PERIPH
Dma.TIM3_CH1/TRIG.2.Instance=DMA1_Channel4
Dma.TIM3_CH1/TRIG.2.MemDataAlignment=DMA_MDATAALIGN_HALFWORD
Dma.TIM3_CH1/TRIG.2.MemInc=DMA_MINC_ENABLE
Dma.TIM3_CH1/TRIG.2.Mode=DMA_NORMAL
Dma.TIM3_CH1/TRIG.2.PeriphDataAlignment=DMA_PDATAALIGN_HALFWORD
Dma.TIM3_CH1/TRIG.2.PeriphInc=DMA_PINC_DISABLE
Dma.TIM3_CH1/TRIG.2.Priority=DMA_PRIORITY_HIGH
Dma.TIM3_CH1/TRIG.2.RequestParameters=Instance,Direction,PeriphInc,MemInc,PeriphDataAlignment,MemDataAlignment,Mode,Priority
File.Version=6
GPIO.groupedBy=Group By Peripherals
I2C1.I2C_Speed_Mode=I2C_Fast_Plus
I2C1.IPParameters=I2C_Speed_Mode,Timing
I2C1.Timing=0x00000001
KeepUserPlacement=false
Mcu.Family=STM32F0
Mcu.IP0=ADC
Mcu.IP1=DMA
Mcu.IP10=USART1
Mcu.IP2=I2C1
Mcu.IP3=NVIC
Mcu.IP4=RCC
Mcu.IP5=RTC
Mcu.IP6=SYS
Mcu.IP7=TIM3
Mcu.IP8=TIM14
Mcu.IP9=TIM17
Mcu.IPNb=11
Mcu.Name=STM32F030F4Px
Mcu.Package=TSSOP20
Mcu.Pin0=PF0-OSC_IN
Mcu.Pin1=PF1-OSC_OUT
Mcu.Pin10=PB1
Mcu.Pin11=PA9
Mcu.Pin12=PA10
Mcu.Pin13=PA13
Mcu.Pin14=PA14
Mcu.Pin15=VP_ADC_TempSens_Input
Mcu.Pin16=VP_RTC_VS_RTC_Activate
Mcu.Pin17=VP_RTC_VS_RTC_Calendar
Mcu.Pin18=VP_SYS_VS_Systick
Mcu.Pin19=VP_TIM3_VS_ClockSourceINT
Mcu.Pin2=PA0
Mcu.Pin20=VP_TIM14_VS_ClockSourceINT
Mcu.Pin21=VP_TIM17_VS_ClockSourceINT
Mcu.Pin3=PA1
Mcu.Pin4=PA2
Mcu.Pin5=PA3
Mcu.Pin6=PA4
Mcu.Pin7=PA5
Mcu.Pin8=PA6
Mcu.Pin9=PA7
Mcu.PinsNb=22
Mcu.ThirdPartyNb=0
Mcu.UserConstants=
Mcu.UserName=STM32F030F4Px
MxCube.Version=6.4.0
MxDb.Version=DB.6.0.40
NVIC.ADC1_IRQn=true\:0\:0\:false\:false\:true\:true\:true
NVIC.DMA1_Channel1_IRQn=true\:0\:0\:false\:false\:true\:false\:true
NVIC.DMA1_Channel2_3_IRQn=true\:0\:0\:false\:false\:true\:false\:true
NVIC.DMA1_Channel4_5_IRQn=true\:0\:0\:false\:false\:true\:false\:true
NVIC.EXTI0_1_IRQn=true\:0\:0\:false\:false\:true\:true\:true
NVIC.EXTI4_15_IRQn=true\:0\:0\:false\:false\:true\:true\:true
NVIC.ForceEnableDMAVector=true
NVIC.HardFault_IRQn=true\:0\:0\:false\:false\:true\:false\:false
NVIC.NonMaskableInt_IRQn=true\:0\:0\:false\:false\:true\:false\:false
NVIC.PendSV_IRQn=true\:0\:0\:false\:false\:true\:false\:false
NVIC.SVC_IRQn=true\:0\:0\:false\:false\:true\:false\:false
NVIC.SysTick_IRQn=true\:3\:0\:false\:false\:true\:false\:true
PA0.GPIOParameters=GPIO_Label
PA0.GPIO_Label=TEMP
PA0.Mode=IN0
PA0.Signal=ADC_IN0
PA1.GPIOParameters=GPIO_Label
PA1.GPIO_Label=VBUS_DEC
PA1.Mode=IN1
PA1.Signal=ADC_IN1
PA10.Mode=I2C
PA10.Signal=I2C1_SDA
PA13.Mode=Serial_Wire
PA13.Signal=SYS_SWDIO
PA14.Mode=Serial_Wire
PA14.Signal=SYS_SWCLK
PA2.Locked=true
PA2.Mode=Half_duplex(single_wire_mode)
PA2.Signal=USART1_TX
PA3.GPIOParameters=GPIO_Label
PA3.GPIO_Label=CUR_DEC
PA3.Locked=true
PA3.Mode=IN3
PA3.Signal=ADC_IN3
PA4.GPIOParameters=GPIO_PuPd,GPIO_Label,GPIO_ModeDefaultEXTI
PA4.GPIO_Label=KEY_UP
PA4.GPIO_ModeDefaultEXTI=GPIO_MODE_IT_RISING_FALLING
PA4.GPIO_PuPd=GPIO_PULLUP
PA4.Locked=true
PA4.Signal=GPXTI4
PA5.GPIOParameters=GPIO_PuPd,GPIO_Label,GPIO_ModeDefaultEXTI
PA5.GPIO_Label=KEY_DOWN
PA5.GPIO_ModeDefaultEXTI=GPIO_MODE_IT_RISING_FALLING
PA5.GPIO_PuPd=GPIO_PULLUP
PA5.Locked=true
PA5.Signal=GPXTI5
PA6.GPIOParameters=GPIO_Label
PA6.GPIO_Label=PWM
PA6.Signal=S_TIM3_CH1
PA7.GPIOParameters=GPIO_Speed,GPIO_PuPd,GPIO_Label
PA7.GPIO_Label=RGB
PA7.GPIO_PuPd=GPIO_PULLDOWN
PA7.GPIO_Speed=GPIO_SPEED_FREQ_HIGH
PA7.Locked=true
PA7.Signal=S_TIM17_CH1
PA9.Mode=I2C
PA9.Signal=I2C1_SCL
PB1.GPIOParameters=GPIO_Label
PB1.GPIO_Label=BEEP
PB1.Locked=true
PB1.Signal=S_TIM14_CH1
PCC.Checker=false
PCC.Line=STM32F0x0 Value Line
PCC.MCU=STM32F030F4Px
PCC.PartNumber=STM32F030F4Px
PCC.Seq0=2
PCC.Seq0.Step0.Average_Current=114.5 mA
PCC.Seq0.Step0.CPU_Frequency=8 MHz
PCC.Seq0.Step0.Category=In DS Table
PCC.Seq0.Step0.DMIPS=0.0
PCC.Seq0.Step0.Duration=200 ms
PCC.Seq0.Step0.Frequency=8 MHz
PCC.Seq0.Step0.Memory=FLASH
PCC.Seq0.Step0.Mode=RUN
PCC.Seq0.Step0.Oscillator=HSE All IPs ON
PCC.Seq0.Step0.Peripherals=
PCC.Seq0.Step0.TaMax=73.67
PCC.Seq0.Step0.User's_Consumption=110 mA
PCC.Seq0.Step0.Vcore=No Scale
PCC.Seq0.Step0.Vdd=3.6
PCC.Seq0.Step0.Voltage_Source=Battery
PCC.Seq0.Step1.Average_Current=7.9 \u00B5A
PCC.Seq0.Step1.CPU_Frequency=0 Hz
PCC.Seq0.Step1.Category=In DS Table
PCC.Seq0.Step1.DMIPS=0.0
PCC.Seq0.Step1.Duration=1000 ms
PCC.Seq0.Step1.Frequency=0 Hz
PCC.Seq0.Step1.Memory=n/a
PCC.Seq0.Step1.Mode=STOP
PCC.Seq0.Step1.Oscillator=Regulator_LP
PCC.Seq0.Step1.Peripherals=
PCC.Seq0.Step1.TaMax=105
PCC.Seq0.Step1.User's_Consumption=0 mA
PCC.Seq0.Step1.Vcore=No Scale
PCC.Seq0.Step1.Vdd=3.6
PCC.Seq0.Step1.Voltage_Source=Battery
PCC.Series=STM32F0
PCC.Temperature=25
PCC.Vdd=3.6
PF0-OSC_IN.GPIOParameters=GPIO_PuPd,GPIO_Label,GPIO_ModeDefaultEXTI
PF0-OSC_IN.GPIO_Label=KEY_OK
PF0-OSC_IN.GPIO_ModeDefaultEXTI=GPIO_MODE_IT_RISING_FALLING
PF0-OSC_IN.GPIO_PuPd=GPIO_PULLUP
PF0-OSC_IN.Locked=true
PF0-OSC_IN.Signal=GPXTI0
PF1-OSC_OUT.GPIOParameters=GPIO_Label
PF1-OSC_OUT.GPIO_Label=ON
PF1-OSC_OUT.Locked=true
PF1-OSC_OUT.Signal=GPIO_Output
PinOutPanel.RotationAngle=0
ProjectManager.AskForMigrate=true
ProjectManager.BackupPrevious=false
ProjectManager.CompilerOptimize=6
ProjectManager.ComputerToolchain=false
ProjectManager.CoupleFile=true
ProjectManager.CustomerFirmwarePackage=
ProjectManager.DefaultFWLocation=true
ProjectManager.DeletePrevious=true
ProjectManager.DeviceId=STM32F030F4Px
ProjectManager.FirmwarePackage=STM32Cube FW_F0 V1.11.3
ProjectManager.FreePins=false
ProjectManager.HalAssertFull=false
ProjectManager.HeapSize=0x200
ProjectManager.KeepUserCode=true
ProjectManager.LastFirmware=true
ProjectManager.LibraryCopy=1
ProjectManager.MainLocation=Core/Src
ProjectManager.NoMain=false
ProjectManager.PreviousToolchain=
ProjectManager.ProjectBuild=false
ProjectManager.ProjectFileName=RTK20.ioc
ProjectManager.ProjectName=RTK20
ProjectManager.RegisterCallBack=
ProjectManager.StackSize=0x400
ProjectManager.TargetToolchain=MDK-ARM V5.32
ProjectManager.ToolChainLocation=
ProjectManager.UnderRoot=false
ProjectManager.functionlistsort=1-MX_GPIO_Init-GPIO-false-HAL-true,2-SystemClock_Config-RCC-false-HAL-false,3-MX_ADC_Init-ADC-false-HAL-true,4-MX_I2C1_Init-I2C1-false-HAL-true,5-MX_TIM3_Init-TIM3-false-HAL-true,6-MX_TIM14_Init-TIM14-false-HAL-true,7-MX_DMA_Init-DMA-false-HAL-true,8-MX_USART1_UART_Init-USART1-false-HAL-true,9-MX_TIM17_Init-TIM17-false-HAL-true,10-MX_RTC_Init-RTC-false-HAL-true
RCC.AHBFreq_Value=48000000
RCC.APB1Freq_Value=48000000
RCC.APB1TimFreq_Value=48000000
RCC.FCLKCortexFreq_Value=48000000
RCC.FamilyName=M
RCC.HCLKFreq_Value=48000000
RCC.IPParameters=AHBFreq_Value,APB1Freq_Value,APB1TimFreq_Value,FCLKCortexFreq_Value,FamilyName,HCLKFreq_Value,PLLCLKFreq_Value,PLLMUL,SYSCLKFreq_VALUE,SYSCLKSource,TimSysFreq_Value,USART1Freq_Value
RCC.PLLCLKFreq_Value=48000000
RCC.PLLMUL=RCC_PLL_MUL12
RCC.SYSCLKFreq_VALUE=48000000
RCC.SYSCLKSource=RCC_SYSCLKSOURCE_PLLCLK
RCC.TimSysFreq_Value=48000000
RCC.USART1Freq_Value=48000000
SH.GPXTI0.0=GPIO_EXTI0
SH.GPXTI0.ConfNb=1
SH.GPXTI4.0=GPIO_EXTI4
SH.GPXTI4.ConfNb=1
SH.GPXTI5.0=GPIO_EXTI5
SH.GPXTI5.ConfNb=1
SH.S_TIM14_CH1.0=TIM14_CH1,PWM Generation1 CH1
SH.S_TIM14_CH1.ConfNb=1
SH.S_TIM17_CH1.0=TIM17_CH1,PWM Generation1 CH1
SH.S_TIM17_CH1.ConfNb=1
SH.S_TIM3_CH1.0=TIM3_CH1,PWM Generation1 CH1
SH.S_TIM3_CH1.ConfNb=1
TIM14.Channel=TIM_CHANNEL_1
TIM14.IPParameters=Channel,Prescaler,Period,Pulse
TIM14.Period=20
TIM14.Prescaler=4800
TIM14.Pulse=3
TIM17.AutoReloadPreload=TIM_AUTORELOAD_PRELOAD_ENABLE
TIM17.Channel=TIM_CHANNEL_1
TIM17.IPParameters=Channel,Period,AutoReloadPreload,OCFastMode_PWM,OCPolarity_1
TIM17.OCFastMode_PWM=TIM_OCFAST_ENABLE
TIM17.OCPolarity_1=TIM_OCPOLARITY_HIGH
TIM17.Period=60
TIM3.Channel-PWM\ Generation1\ CH1=TIM_CHANNEL_1
TIM3.IPParameters=Period,Prescaler,Channel-PWM Generation1 CH1,Pulse-PWM Generation1 CH1
TIM3.Period=100
TIM3.Prescaler=48
TIM3.Pulse-PWM\ Generation1\ CH1=5
USART1.IPParameters=VirtualMode-Half_duplex(single_wire_mode)
USART1.VirtualMode-Half_duplex(single_wire_mode)=VM_ASYNC
VP_ADC_TempSens_Input.Mode=IN-TempSens
VP_ADC_TempSens_Input.Signal=ADC_TempSens_Input
VP_RTC_VS_RTC_Activate.Mode=RTC_Enabled
VP_RTC_VS_RTC_Activate.Signal=RTC_VS_RTC_Activate
VP_RTC_VS_RTC_Calendar.Mode=RTC_Calendar
VP_RTC_VS_RTC_Calendar.Signal=RTC_VS_RTC_Calendar
VP_SYS_VS_Systick.Mode=SysTick
VP_SYS_VS_Systick.Signal=SYS_VS_Systick
VP_TIM14_VS_ClockSourceINT.Mode=Enable_Timer
VP_TIM14_VS_ClockSourceINT.Signal=TIM14_VS_ClockSourceINT
VP_TIM17_VS_ClockSourceINT.Mode=Enable_Timer
VP_TIM17_VS_ClockSourceINT.Signal=TIM17_VS_ClockSourceINT
VP_TIM3_VS_ClockSourceINT.Mode=Internal
VP_TIM3_VS_ClockSourceINT.Signal=TIM3_VS_ClockSourceINT
board=custom
